
Microsoft Visual Studio Solution File, Format Version 12.00
Project("{FAE04EC0-301F-11D3-BF4B-00C04F79EFBC}") = "lesson_29_object_1", "lesson_29_object_1\lesson_29_object_1.csproj", "{DC301052-334C-4004-B743-65CEC4699009}"
EndProject
Global
	GlobalSection(SolutionConfigurationPlatforms) = preSolution
		Debug|Any CPU = Debug|Any CPU
		Release|Any CPU = Release|Any CPU
	EndGlobalSection
	GlobalSection(ProjectConfigurationPlatforms) = postSolution
		{DC301052-334C-4004-B743-65CEC4699009}.Debug|Any CPU.ActiveCfg = Debug|Any CPU
		{DC301052-334C-4004-B743-65CEC4699009}.Debug|Any CPU.Build.0 = Debug|Any CPU
		{DC301052-334C-4004-B743-65CEC4699009}.Release|Any CPU.ActiveCfg = Release|Any CPU
		{DC301052-334C-4004-B743-65CEC4699009}.Release|Any CPU.Build.0 = Release|Any CPU
	EndGlobalSection
EndGlobal
