
Microsoft Visual Studio Solution File, Format Version 12.00
Project("{FAE04EC0-301F-11D3-BF4B-00C04F79EFBC}") = "lesson_21_extension_method_1", "lesson_21_extension_method_1\lesson_21_extension_method_1.csproj", "{89172D27-95DB-42A9-8A79-4FC30CF071CD}"
EndProject
Global
	GlobalSection(SolutionConfigurationPlatforms) = preSolution
		Debug|Any CPU = Debug|Any CPU
		Release|Any CPU = Release|Any CPU
	EndGlobalSection
	GlobalSection(ProjectConfigurationPlatforms) = postSolution
		{89172D27-95DB-42A9-8A79-4FC30CF071CD}.Debug|Any CPU.ActiveCfg = Debug|Any CPU
		{89172D27-95DB-42A9-8A79-4FC30CF071CD}.Debug|Any CPU.Build.0 = Debug|Any CPU
		{89172D27-95DB-42A9-8A79-4FC30CF071CD}.Release|Any CPU.ActiveCfg = Release|Any CPU
		{89172D27-95DB-42A9-8A79-4FC30CF071CD}.Release|Any CPU.Build.0 = Release|Any CPU
	EndGlobalSection
EndGlobal
