
Microsoft Visual Studio Solution File, Format Version 12.00
Project("{FAE04EC0-301F-11D3-BF4B-00C04F79EFBC}") = "lesson_11_operator_overloading", "lesson_11_operator_overloading\lesson_11_operator_overloading.csproj", "{8F9DC971-0E66-4373-AF35-FF7F7CA3451B}"
EndProject
Global
	GlobalSection(SolutionConfigurationPlatforms) = preSolution
		Debug|Any CPU = Debug|Any CPU
		Release|Any CPU = Release|Any CPU
	EndGlobalSection
	GlobalSection(ProjectConfigurationPlatforms) = postSolution
		{8F9DC971-0E66-4373-AF35-FF7F7CA3451B}.Debug|Any CPU.ActiveCfg = Debug|Any CPU
		{8F9DC971-0E66-4373-AF35-FF7F7CA3451B}.Debug|Any CPU.Build.0 = Debug|Any CPU
		{8F9DC971-0E66-4373-AF35-FF7F7CA3451B}.Release|Any CPU.ActiveCfg = Release|Any CPU
		{8F9DC971-0E66-4373-AF35-FF7F7CA3451B}.Release|Any CPU.Build.0 = Release|Any CPU
	EndGlobalSection
EndGlobal
