
Microsoft Visual Studio Solution File, Format Version 12.00
Project("{FAE04EC0-301F-11D3-BF4B-00C04F79EFBC}") = "lesson_17_async_await_thread", "lesson_17_async_await_thread\lesson_17_async_await_thread.csproj", "{D946A56F-DA30-478E-99C9-1C4DBDB717D2}"
EndProject
Global
	GlobalSection(SolutionConfigurationPlatforms) = preSolution
		Debug|Any CPU = Debug|Any CPU
		Release|Any CPU = Release|Any CPU
	EndGlobalSection
	GlobalSection(ProjectConfigurationPlatforms) = postSolution
		{D946A56F-DA30-478E-99C9-1C4DBDB717D2}.Debug|Any CPU.ActiveCfg = Debug|Any CPU
		{D946A56F-DA30-478E-99C9-1C4DBDB717D2}.Debug|Any CPU.Build.0 = Debug|Any CPU
		{D946A56F-DA30-478E-99C9-1C4DBDB717D2}.Release|Any CPU.ActiveCfg = Release|Any CPU
		{D946A56F-DA30-478E-99C9-1C4DBDB717D2}.Release|Any CPU.Build.0 = Release|Any CPU
	EndGlobalSection
EndGlobal
