
Microsoft Visual Studio Solution File, Format Version 12.00
Project("{FAE04EC0-301F-11D3-BF4B-00C04F79EFBC}") = "lesson_24_method_lambda_2", "lesson_24_method_lambda_2\lesson_24_method_lambda_2.csproj", "{5873EA84-3786-4172-A948-E38DC1FEA023}"
EndProject
Global
	GlobalSection(SolutionConfigurationPlatforms) = preSolution
		Debug|Any CPU = Debug|Any CPU
		Release|Any CPU = Release|Any CPU
	EndGlobalSection
	GlobalSection(ProjectConfigurationPlatforms) = postSolution
		{5873EA84-3786-4172-A948-E38DC1FEA023}.Debug|Any CPU.ActiveCfg = Debug|Any CPU
		{5873EA84-3786-4172-A948-E38DC1FEA023}.Debug|Any CPU.Build.0 = Debug|Any CPU
		{5873EA84-3786-4172-A948-E38DC1FEA023}.Release|Any CPU.ActiveCfg = Release|Any CPU
		{5873EA84-3786-4172-A948-E38DC1FEA023}.Release|Any CPU.Build.0 = Release|Any CPU
	EndGlobalSection
EndGlobal
