
Microsoft Visual Studio Solution File, Format Version 12.00
Project("{FAE04EC0-301F-11D3-BF4B-00C04F79EFBC}") = "lesson_20_LINQ_2", "lesson_20_LINQ_2\lesson_20_LINQ_2.csproj", "{452EA7B7-A164-4D4C-B8BB-DBCFDC0377BB}"
EndProject
Global
	GlobalSection(SolutionConfigurationPlatforms) = preSolution
		Debug|Any CPU = Debug|Any CPU
		Release|Any CPU = Release|Any CPU
	EndGlobalSection
	GlobalSection(ProjectConfigurationPlatforms) = postSolution
		{452EA7B7-A164-4D4C-B8BB-DBCFDC0377BB}.Debug|Any CPU.ActiveCfg = Debug|Any CPU
		{452EA7B7-A164-4D4C-B8BB-DBCFDC0377BB}.Debug|Any CPU.Build.0 = Debug|Any CPU
		{452EA7B7-A164-4D4C-B8BB-DBCFDC0377BB}.Release|Any CPU.ActiveCfg = Release|Any CPU
		{452EA7B7-A164-4D4C-B8BB-DBCFDC0377BB}.Release|Any CPU.Build.0 = Release|Any CPU
	EndGlobalSection
EndGlobal
